
Microsoft Visual Studio Solution File, Format Version 12.00
# Visual Studio 2013
VisualStudioVersion = 12.0.30501.0
MinimumVisualStudioVersion = 10.0.40219.1
Project("{8BC9CEB8-8B4A-11D0-8D11-00A0C91BC942}") = "ChoAnServer", "cho\cho.vcxproj", "{2EBC6ADD-7A47-433B-B84F-82FACCDDE552}"
EndProject
Project("{FAE04EC0-301F-11D3-BF4B-00C04F79EFBC}") = "ChocAnClient", "ChocAnClient\ChocAnClient.csproj", "{37694FAB-B967-4B8A-9779-DA563C2C3DCA}"
EndProject
Project("{FAE04EC0-301F-11D3-BF4B-00C04F79EFBC}") = "NetworkInterfaceUnitTest", "NetworkInterfaceUnitTest\NetworkInterfaceUnitTest.csproj", "{FEDEB650-47B0-4F00-8E15-0C7094F5D194}"
EndProject
Project("{FAE04EC0-301F-11D3-BF4B-00C04F79EFBC}") = "ChoAnClient_for_Admin", "ChoAnClient_for_Admin\ChoAnClient_for_Admin.csproj", "{7D3EF332-B947-4A07-A07A-FD3B2434DA68}"
EndProject
Project("{FAE04EC0-301F-11D3-BF4B-00C04F79EFBC}") = "ChoAnClient_for_Admin_Test", "ChoAnClient_for_Admin_Test\ChoAnClient_for_Admin_Test.csproj", "{9592B776-D2CA-47CA-A8B3-A7986964CD5D}"
EndProject
Global
	GlobalSection(SolutionConfigurationPlatforms) = preSolution
		Debug|Any CPU = Debug|Any CPU
		Debug|Mixed Platforms = Debug|Mixed Platforms
		Debug|Win32 = Debug|Win32
		Release|Any CPU = Release|Any CPU
		Release|Mixed Platforms = Release|Mixed Platforms
		Release|Win32 = Release|Win32
	EndGlobalSection
	GlobalSection(ProjectConfigurationPlatforms) = postSolution
		{2EBC6ADD-7A47-433B-B84F-82FACCDDE552}.Debug|Any CPU.ActiveCfg = Debug|Win32
		{2EBC6ADD-7A47-433B-B84F-82FACCDDE552}.Debug|Mixed Platforms.ActiveCfg = Debug|Win32
		{2EBC6ADD-7A47-433B-B84F-82FACCDDE552}.Debug|Mixed Platforms.Build.0 = Debug|Win32
		{2EBC6ADD-7A47-433B-B84F-82FACCDDE552}.Debug|Win32.ActiveCfg = Debug|Win32
		{2EBC6ADD-7A47-433B-B84F-82FACCDDE552}.Debug|Win32.Build.0 = Debug|Win32
		{2EBC6ADD-7A47-433B-B84F-82FACCDDE552}.Release|Any CPU.ActiveCfg = Release|Win32
		{2EBC6ADD-7A47-433B-B84F-82FACCDDE552}.Release|Mixed Platforms.ActiveCfg = Release|Win32
		{2EBC6ADD-7A47-433B-B84F-82FACCDDE552}.Release|Mixed Platforms.Build.0 = Release|Win32
		{2EBC6ADD-7A47-433B-B84F-82FACCDDE552}.Release|Win32.ActiveCfg = Release|Win32
		{2EBC6ADD-7A47-433B-B84F-82FACCDDE552}.Release|Win32.Build.0 = Release|Win32
		{37694FAB-B967-4B8A-9779-DA563C2C3DCA}.Debug|Any CPU.ActiveCfg = Debug|Any CPU
		{37694FAB-B967-4B8A-9779-DA563C2C3DCA}.Debug|Any CPU.Build.0 = Debug|Any CPU
		{37694FAB-B967-4B8A-9779-DA563C2C3DCA}.Debug|Mixed Platforms.ActiveCfg = Debug|Any CPU
		{37694FAB-B967-4B8A-9779-DA563C2C3DCA}.Debug|Mixed Platforms.Build.0 = Debug|Any CPU
		{37694FAB-B967-4B8A-9779-DA563C2C3DCA}.Debug|Win32.ActiveCfg = Debug|Any CPU
		{37694FAB-B967-4B8A-9779-DA563C2C3DCA}.Release|Any CPU.ActiveCfg = Release|Any CPU
		{37694FAB-B967-4B8A-9779-DA563C2C3DCA}.Release|Any CPU.Build.0 = Release|Any CPU
		{37694FAB-B967-4B8A-9779-DA563C2C3DCA}.Release|Mixed Platforms.ActiveCfg = Release|Any CPU
		{37694FAB-B967-4B8A-9779-DA563C2C3DCA}.Release|Mixed Platforms.Build.0 = Release|Any CPU
		{37694FAB-B967-4B8A-9779-DA563C2C3DCA}.Release|Win32.ActiveCfg = Release|Any CPU
		{FEDEB650-47B0-4F00-8E15-0C7094F5D194}.Debug|Any CPU.ActiveCfg = Debug|Any CPU
		{FEDEB650-47B0-4F00-8E15-0C7094F5D194}.Debug|Any CPU.Build.0 = Debug|Any CPU
		{FEDEB650-47B0-4F00-8E15-0C7094F5D194}.Debug|Mixed Platforms.ActiveCfg = Debug|Any CPU
		{FEDEB650-47B0-4F00-8E15-0C7094F5D194}.Debug|Mixed Platforms.Build.0 = Debug|Any CPU
		{FEDEB650-47B0-4F00-8E15-0C7094F5D194}.Debug|Win32.ActiveCfg = Debug|Any CPU
		{FEDEB650-47B0-4F00-8E15-0C7094F5D194}.Release|Any CPU.ActiveCfg = Release|Any CPU
		{FEDEB650-47B0-4F00-8E15-0C7094F5D194}.Release|Any CPU.Build.0 = Release|Any CPU
		{FEDEB650-47B0-4F00-8E15-0C7094F5D194}.Release|Mixed Platforms.ActiveCfg = Release|Any CPU
		{FEDEB650-47B0-4F00-8E15-0C7094F5D194}.Release|Mixed Platforms.Build.0 = Release|Any CPU
		{FEDEB650-47B0-4F00-8E15-0C7094F5D194}.Release|Win32.ActiveCfg = Release|Any CPU
		{7D3EF332-B947-4A07-A07A-FD3B2434DA68}.Debug|Any CPU.ActiveCfg = Debug|Any CPU
		{7D3EF332-B947-4A07-A07A-FD3B2434DA68}.Debug|Any CPU.Build.0 = Debug|Any CPU
		{7D3EF332-B947-4A07-A07A-FD3B2434DA68}.Debug|Mixed Platforms.ActiveCfg = Debug|Any CPU
		{7D3EF332-B947-4A07-A07A-FD3B2434DA68}.Debug|Mixed Platforms.Build.0 = Debug|Any CPU
		{7D3EF332-B947-4A07-A07A-FD3B2434DA68}.Debug|Win32.ActiveCfg = Debug|Any CPU
		{7D3EF332-B947-4A07-A07A-FD3B2434DA68}.Release|Any CPU.ActiveCfg = Release|Any CPU
		{7D3EF332-B947-4A07-A07A-FD3B2434DA68}.Release|Any CPU.Build.0 = Release|Any CPU
		{7D3EF332-B947-4A07-A07A-FD3B2434DA68}.Release|Mixed Platforms.ActiveCfg = Release|Any CPU
		{7D3EF332-B947-4A07-A07A-FD3B2434DA68}.Release|Mixed Platforms.Build.0 = Release|Any CPU
		{7D3EF332-B947-4A07-A07A-FD3B2434DA68}.Release|Win32.ActiveCfg = Release|Any CPU
		{9592B776-D2CA-47CA-A8B3-A7986964CD5D}.Debug|Any CPU.ActiveCfg = Debug|Any CPU
		{9592B776-D2CA-47CA-A8B3-A7986964CD5D}.Debug|Any CPU.Build.0 = Debug|Any CPU
		{9592B776-D2CA-47CA-A8B3-A7986964CD5D}.Debug|Mixed Platforms.ActiveCfg = Debug|Any CPU
		{9592B776-D2CA-47CA-A8B3-A7986964CD5D}.Debug|Mixed Platforms.Build.0 = Debug|Any CPU
		{9592B776-D2CA-47CA-A8B3-A7986964CD5D}.Debug|Win32.ActiveCfg = Debug|Any CPU
		{9592B776-D2CA-47CA-A8B3-A7986964CD5D}.Release|Any CPU.ActiveCfg = Release|Any CPU
		{9592B776-D2CA-47CA-A8B3-A7986964CD5D}.Release|Any CPU.Build.0 = Release|Any CPU
		{9592B776-D2CA-47CA-A8B3-A7986964CD5D}.Release|Mixed Platforms.ActiveCfg = Release|Any CPU
		{9592B776-D2CA-47CA-A8B3-A7986964CD5D}.Release|Mixed Platforms.Build.0 = Release|Any CPU
		{9592B776-D2CA-47CA-A8B3-A7986964CD5D}.Release|Win32.ActiveCfg = Release|Any CPU
	EndGlobalSection
	GlobalSection(SolutionProperties) = preSolution
		HideSolutionNode = FALSE
	EndGlobalSection
EndGlobal
